
Microsoft Visual Studio Solution File, Format Version 12.00
# Visual Studio Version 17
VisualStudioVersion = 17.12.35527.113
MinimumVisualStudioVersion = 10.0.40219.1
Project("{2150E333-8FDC-42A3-9474-1A3956D46DE8}") = "Services", "Services", "{5F29BF99-19EB-422C-9144-8938CFBA55C3}"
EndProject
Project("{2150E333-8FDC-42A3-9474-1A3956D46DE8}") = "Catalog", "Catalog", "{F5FF0CBB-DE25-48FB-ACE8-8318FFAE123D}"
EndProject
Project("{FAE04EC0-301F-11D3-BF4B-00C04F79EFBC}") = "Catalog.API", "Services\Catalog\Catalog.API\Catalog.API.csproj", "{3E0C73EA-CE38-4FA8-97B8-98539D137F49}"
EndProject
Project("{2150E333-8FDC-42A3-9474-1A3956D46DE8}") = "BuildingBlocks", "BuildingBlocks", "{3FE4179C-81A0-4FA6-B6A5-FF0C2225A1A5}"
EndProject
Project("{FAE04EC0-301F-11D3-BF4B-00C04F79EFBC}") = "BuildingBlocks", "BuildingBlocks\BuildingBlocks\BuildingBlocks.csproj", "{42DB2DB9-779A-4F68-9F14-F391E1CABE41}"
EndProject
Project("{E53339B2-1760-4266-BCC7-CA923CBCF16C}") = "docker-compose", "docker-compose.dcproj", "{1F5691A3-E61D-4022-AA3B-CDEC381618DC}"
EndProject
Global
	GlobalSection(SolutionConfigurationPlatforms) = preSolution
		Debug|Any CPU = Debug|Any CPU
		Release|Any CPU = Release|Any CPU
	EndGlobalSection
	GlobalSection(ProjectConfigurationPlatforms) = postSolution
		{3E0C73EA-CE38-4FA8-97B8-98539D137F49}.Debug|Any CPU.ActiveCfg = Debug|Any CPU
		{3E0C73EA-CE38-4FA8-97B8-98539D137F49}.Debug|Any CPU.Build.0 = Debug|Any CPU
		{3E0C73EA-CE38-4FA8-97B8-98539D137F49}.Release|Any CPU.ActiveCfg = Release|Any CPU
		{3E0C73EA-CE38-4FA8-97B8-98539D137F49}.Release|Any CPU.Build.0 = Release|Any CPU
		{42DB2DB9-779A-4F68-9F14-F391E1CABE41}.Debug|Any CPU.ActiveCfg = Debug|Any CPU
		{42DB2DB9-779A-4F68-9F14-F391E1CABE41}.Debug|Any CPU.Build.0 = Debug|Any CPU
		{42DB2DB9-779A-4F68-9F14-F391E1CABE41}.Release|Any CPU.ActiveCfg = Release|Any CPU
		{42DB2DB9-779A-4F68-9F14-F391E1CABE41}.Release|Any CPU.Build.0 = Release|Any CPU
		{1F5691A3-E61D-4022-AA3B-CDEC381618DC}.Debug|Any CPU.ActiveCfg = Debug|Any CPU
		{1F5691A3-E61D-4022-AA3B-CDEC381618DC}.Debug|Any CPU.Build.0 = Debug|Any CPU
		{1F5691A3-E61D-4022-AA3B-CDEC381618DC}.Release|Any CPU.ActiveCfg = Release|Any CPU
		{1F5691A3-E61D-4022-AA3B-CDEC381618DC}.Release|Any CPU.Build.0 = Release|Any CPU
	EndGlobalSection
	GlobalSection(SolutionProperties) = preSolution
		HideSolutionNode = FALSE
	EndGlobalSection
	GlobalSection(NestedProjects) = preSolution
		{F5FF0CBB-DE25-48FB-ACE8-8318FFAE123D} = {5F29BF99-19EB-422C-9144-8938CFBA55C3}
		{3E0C73EA-CE38-4FA8-97B8-98539D137F49} = {F5FF0CBB-DE25-48FB-ACE8-8318FFAE123D}
		{42DB2DB9-779A-4F68-9F14-F391E1CABE41} = {3FE4179C-81A0-4FA6-B6A5-FF0C2225A1A5}
	EndGlobalSection
EndGlobal
